
Microsoft Visual Studio Solution File, Format Version 12.00
# Visual Studio Version 17
VisualStudioVersion = 17.6.33723.286
MinimumVisualStudioVersion = 10.0.40219.1
Project("{FAE04EC0-301F-11D3-BF4B-00C04F79EFBC}") = "BlazorBattles.Server", "BlazorBattles\Server\BlazorBattles.Server.csproj", "{D67901A0-A3E3-4A1D-9C55-39499C3317F4}"
EndProject
Project("{FAE04EC0-301F-11D3-BF4B-00C04F79EFBC}") = "BlazorBattles.Client", "BlazorBattles\Client\BlazorBattles.Client.csproj", "{2B6156C7-2D3A-4202-922E-22182ED89CB9}"
EndProject
Project("{FAE04EC0-301F-11D3-BF4B-00C04F79EFBC}") = "BlazorBattles.Shared", "BlazorBattles\Shared\BlazorBattles.Shared.csproj", "{A502E425-1DC7-4D2D-8182-1BD3ADADC97F}"
EndProject
Global
	GlobalSection(SolutionConfigurationPlatforms) = preSolution
		Debug|Any CPU = Debug|Any CPU
		Release|Any CPU = Release|Any CPU
	EndGlobalSection
	GlobalSection(ProjectConfigurationPlatforms) = postSolution
		{D67901A0-A3E3-4A1D-9C55-39499C3317F4}.Debug|Any CPU.ActiveCfg = Debug|Any CPU
		{D67901A0-A3E3-4A1D-9C55-39499C3317F4}.Debug|Any CPU.Build.0 = Debug|Any CPU
		{D67901A0-A3E3-4A1D-9C55-39499C3317F4}.Release|Any CPU.ActiveCfg = Release|Any CPU
		{D67901A0-A3E3-4A1D-9C55-39499C3317F4}.Release|Any CPU.Build.0 = Release|Any CPU
		{2B6156C7-2D3A-4202-922E-22182ED89CB9}.Debug|Any CPU.ActiveCfg = Debug|Any CPU
		{2B6156C7-2D3A-4202-922E-22182ED89CB9}.Debug|Any CPU.Build.0 = Debug|Any CPU
		{2B6156C7-2D3A-4202-922E-22182ED89CB9}.Release|Any CPU.ActiveCfg = Release|Any CPU
		{2B6156C7-2D3A-4202-922E-22182ED89CB9}.Release|Any CPU.Build.0 = Release|Any CPU
		{A502E425-1DC7-4D2D-8182-1BD3ADADC97F}.Debug|Any CPU.ActiveCfg = Debug|Any CPU
		{A502E425-1DC7-4D2D-8182-1BD3ADADC97F}.Debug|Any CPU.Build.0 = Debug|Any CPU
		{A502E425-1DC7-4D2D-8182-1BD3ADADC97F}.Release|Any CPU.ActiveCfg = Release|Any CPU
		{A502E425-1DC7-4D2D-8182-1BD3ADADC97F}.Release|Any CPU.Build.0 = Release|Any CPU
	EndGlobalSection
	GlobalSection(SolutionProperties) = preSolution
		HideSolutionNode = FALSE
	EndGlobalSection
	GlobalSection(ExtensibilityGlobals) = postSolution
		SolutionGuid = {341D5170-C516-4B41-A036-2A0C2AF83E0D}
	EndGlobalSection
EndGlobal
